
Microsoft Visual Studio Solution File, Format Version 12.00
# Visual Studio Version 17
VisualStudioVersion = 17.3.32922.545
MinimumVisualStudioVersion = 10.0.40219.1
Project("{2150E333-8FDC-42A3-9474-1A3956D46DE8}") = "Services", "Services", "{638B23B3-9CEC-4969-8ACC-7CF54530BD56}"
EndProject
Project("{2150E333-8FDC-42A3-9474-1A3956D46DE8}") = "Catalog", "Catalog", "{2065D7EE-2A94-4073-9E7C-B0F6A0E9E343}"
EndProject
Project("{FAE04EC0-301F-11D3-BF4B-00C04F79EFBC}") = "Catalog.API", "Services\Catalog\Catalog.API\Catalog.API.csproj", "{5E10CDAD-AD93-45F3-9AA4-5717853FCD1B}"
EndProject
Global
	GlobalSection(SolutionConfigurationPlatforms) = preSolution
		Debug|Any CPU = Debug|Any CPU
		Release|Any CPU = Release|Any CPU
	EndGlobalSection
	GlobalSection(ProjectConfigurationPlatforms) = postSolution
		{5E10CDAD-AD93-45F3-9AA4-5717853FCD1B}.Debug|Any CPU.ActiveCfg = Debug|Any CPU
		{5E10CDAD-AD93-45F3-9AA4-5717853FCD1B}.Debug|Any CPU.Build.0 = Debug|Any CPU
		{5E10CDAD-AD93-45F3-9AA4-5717853FCD1B}.Release|Any CPU.ActiveCfg = Release|Any CPU
		{5E10CDAD-AD93-45F3-9AA4-5717853FCD1B}.Release|Any CPU.Build.0 = Release|Any CPU
	EndGlobalSection
	GlobalSection(SolutionProperties) = preSolution
		HideSolutionNode = FALSE
	EndGlobalSection
	GlobalSection(NestedProjects) = preSolution
		{2065D7EE-2A94-4073-9E7C-B0F6A0E9E343} = {638B23B3-9CEC-4969-8ACC-7CF54530BD56}
		{5E10CDAD-AD93-45F3-9AA4-5717853FCD1B} = {2065D7EE-2A94-4073-9E7C-B0F6A0E9E343}
	EndGlobalSection
	GlobalSection(ExtensibilityGlobals) = postSolution
		SolutionGuid = {91B0F79B-4B94-4911-BB5D-DE95655A5132}
	EndGlobalSection
EndGlobal
